// !$*UTF8*$!
{
	archiveVersion = 1;
	classes = {
	};
	objectVersion = 50;
	objects = {

/* Begin PBXBuildFile section */
		6B3271FD2528EF0900060FFB /* ViewModel.swift in Sources */ = {isa = PBXBuildFile; fileRef = 6B3271FC2528EF0900060FFB /* ViewModel.swift */; };
		6B3271FF2528EFBE00060FFB /* ViewBinding.swift in Sources */ = {isa = PBXBuildFile; fileRef = 6B3271FE2528EFBE00060FFB /* ViewBinding.swift */; };
		6B3272102528F5C100060FFB /* ImageCache.swift in Sources */ = {isa = PBXBuildFile; fileRef = 6B32720F2528F5C100060FFB /* ImageCache.swift */; };
		6B3272142529054E00060FFB /* CardView.swift in Sources */ = {isa = PBXBuildFile; fileRef = 6B3272132529054E00060FFB /* CardView.swift */; };
		6B327216252A477700060FFB /* CardCollectionView.swift in Sources */ = {isa = PBXBuildFile; fileRef = 6B327215252A477700060FFB /* CardCollectionView.swift */; };
		6B327218252A5C4A00060FFB /* CardCollectionViewModel.swift in Sources */ = {isa = PBXBuildFile; fileRef = 6B327217252A5C4A00060FFB /* CardCollectionViewModel.swift */; };
		6B32721A252A687500060FFB /* CardViewModel.swift in Sources */ = {isa = PBXBuildFile; fileRef = 6B327219252A687500060FFB /* CardViewModel.swift */; };
		6B32721F252B1B2D00060FFB /* HomeView.swift in Sources */ = {isa = PBXBuildFile; fileRef = 6B32721E252B1B2D00060FFB /* HomeView.swift */; };
		6B327223252B891100060FFB /* HomeViewModel.swift in Sources */ = {isa = PBXBuildFile; fileRef = 6B327222252B891100060FFB /* HomeViewModel.swift */; };
		6B327225252B8C9500060FFB /* MovieView.swift in Sources */ = {isa = PBXBuildFile; fileRef = 6B327224252B8C9500060FFB /* MovieView.swift */; };
		6B327227252B8E9500060FFB /* MovieViewModel.swift in Sources */ = {isa = PBXBuildFile; fileRef = 6B327226252B8E9500060FFB /* MovieViewModel.swift */; };
		6B9CF24E252CDF3900967794 /* MovieVideoResponse.swift in Sources */ = {isa = PBXBuildFile; fileRef = 6B9CF24D252CDF3900967794 /* MovieVideoResponse.swift */; };
		6B9CF250252CE2F000967794 /* MovieVideo.swift in Sources */ = {isa = PBXBuildFile; fileRef = 6B9CF24F252CE2EF00967794 /* MovieVideo.swift */; };
		6BAB08532522630D005EC751 /* AppDelegate.swift in Sources */ = {isa = PBXBuildFile; fileRef = 6BAB08522522630D005EC751 /* AppDelegate.swift */; };
		6BAB08552522630D005EC751 /* SceneDelegate.swift in Sources */ = {isa = PBXBuildFile; fileRef = 6BAB08542522630D005EC751 /* SceneDelegate.swift */; };
		6BAB085925226312005EC751 /* Assets.xcassets in Resources */ = {isa = PBXBuildFile; fileRef = 6BAB085825226312005EC751 /* Assets.xcassets */; };
		6BAB085C25226312005EC751 /* Preview Assets.xcassets in Resources */ = {isa = PBXBuildFile; fileRef = 6BAB085B25226312005EC751 /* Preview Assets.xcassets */; };
		6BAB085F25226312005EC751 /* LaunchScreen.storyboard in Resources */ = {isa = PBXBuildFile; fileRef = 6BAB085D25226312005EC751 /* LaunchScreen.storyboard */; };
		6BAB086A25226312005EC751 /* MovieSwiftUITests.swift in Sources */ = {isa = PBXBuildFile; fileRef = 6BAB086925226312005EC751 /* MovieSwiftUITests.swift */; };
		6BAB087525226312005EC751 /* MovieSwiftUIUITests.swift in Sources */ = {isa = PBXBuildFile; fileRef = 6BAB087425226312005EC751 /* MovieSwiftUIUITests.swift */; };
		6BAB08882524FC6C005EC751 /* Constants.swift in Sources */ = {isa = PBXBuildFile; fileRef = 6BAB08872524FC6C005EC751 /* Constants.swift */; };
		6BAB088B2525059F005EC751 /* MovieServices.swift in Sources */ = {isa = PBXBuildFile; fileRef = 6BAB088A2525059F005EC751 /* MovieServices.swift */; };
		6BAB088E252506E5005EC751 /* MovieResponse.swift in Sources */ = {isa = PBXBuildFile; fileRef = 6BAB088D252506E5005EC751 /* MovieResponse.swift */; };
		6BAB089025250910005EC751 /* Movie.swift in Sources */ = {isa = PBXBuildFile; fileRef = 6BAB088F25250910005EC751 /* Movie.swift */; };
		6BBA8CA62527AC9700CE40DD /* Cache.swift in Sources */ = {isa = PBXBuildFile; fileRef = 6BBA8CA52527AC9700CE40DD /* Cache.swift */; };
		6BBA8CA82527ACD400CE40DD /* MovieCache.swift in Sources */ = {isa = PBXBuildFile; fileRef = 6BBA8CA72527ACD400CE40DD /* MovieCache.swift */; };
		6BC46EF625265148007C8B3A /* MovieSession.swift in Sources */ = {isa = PBXBuildFile; fileRef = 6BC46EF525265148007C8B3A /* MovieSession.swift */; };
		6BE7089D25250D5200A0A842 /* Extensions.swift in Sources */ = {isa = PBXBuildFile; fileRef = 6BE7089C25250D5200A0A842 /* Extensions.swift */; };
/* End PBXBuildFile section */

/* Begin PBXContainerItemProxy section */
		6BAB086625226312005EC751 /* PBXContainerItemProxy */ = {
			isa = PBXContainerItemProxy;
			containerPortal = 6BAB08472522630C005EC751 /* Project object */;
			proxyType = 1;
			remoteGlobalIDString = 6BAB084E2522630D005EC751;
			remoteInfo = MovieSwiftUI;
		};
		6BAB087125226312005EC751 /* PBXContainerItemProxy */ = {
			isa = PBXContainerItemProxy;
			containerPortal = 6BAB08472522630C005EC751 /* Project object */;
			proxyType = 1;
			remoteGlobalIDString = 6BAB084E2522630D005EC751;
			remoteInfo = MovieSwiftUI;
		};
/* End PBXContainerItemProxy section */

/* Begin PBXFileReference section */
		6B3271FC2528EF0900060FFB /* ViewModel.swift */ = {isa = PBXFileReference; lastKnownFileType = sourcecode.swift; path = ViewModel.swift; sourceTree = "<group>"; };
		6B3271FE2528EFBE00060FFB /* ViewBinding.swift */ = {isa = PBXFileReference; lastKnownFileType = sourcecode.swift; path = ViewBinding.swift; sourceTree = "<group>"; };
		6B32720F2528F5C100060FFB /* ImageCache.swift */ = {isa = PBXFileReference; lastKnownFileType = sourcecode.swift; path = ImageCache.swift; sourceTree = "<group>"; };
		6B3272132529054E00060FFB /* CardView.swift */ = {isa = PBXFileReference; lastKnownFileType = sourcecode.swift; path = CardView.swift; sourceTree = "<group>"; };
		6B327215252A477700060FFB /* CardCollectionView.swift */ = {isa = PBXFileReference; lastKnownFileType = sourcecode.swift; path = CardCollectionView.swift; sourceTree = "<group>"; };
		6B327217252A5C4A00060FFB /* CardCollectionViewModel.swift */ = {isa = PBXFileReference; lastKnownFileType = sourcecode.swift; path = CardCollectionViewModel.swift; sourceTree = "<group>"; };
		6B327219252A687500060FFB /* CardViewModel.swift */ = {isa = PBXFileReference; lastKnownFileType = sourcecode.swift; path = CardViewModel.swift; sourceTree = "<group>"; };
		6B32721E252B1B2D00060FFB /* HomeView.swift */ = {isa = PBXFileReference; lastKnownFileType = sourcecode.swift; path = HomeView.swift; sourceTree = "<group>"; };
		6B327222252B891100060FFB /* HomeViewModel.swift */ = {isa = PBXFileReference; lastKnownFileType = sourcecode.swift; path = HomeViewModel.swift; sourceTree = "<group>"; };
		6B327224252B8C9500060FFB /* MovieView.swift */ = {isa = PBXFileReference; lastKnownFileType = sourcecode.swift; path = MovieView.swift; sourceTree = "<group>"; };
		6B327226252B8E9500060FFB /* MovieViewModel.swift */ = {isa = PBXFileReference; lastKnownFileType = sourcecode.swift; path = MovieViewModel.swift; sourceTree = "<group>"; };
		6B9CF24D252CDF3900967794 /* MovieVideoResponse.swift */ = {isa = PBXFileReference; lastKnownFileType = sourcecode.swift; path = MovieVideoResponse.swift; sourceTree = "<group>"; };
		6B9CF24F252CE2EF00967794 /* MovieVideo.swift */ = {isa = PBXFileReference; lastKnownFileType = sourcecode.swift; path = MovieVideo.swift; sourceTree = "<group>"; };
		6BAB084F2522630D005EC751 /* MovieSwiftUI.app */ = {isa = PBXFileReference; explicitFileType = wrapper.application; includeInIndex = 0; path = MovieSwiftUI.app; sourceTree = BUILT_PRODUCTS_DIR; };
		6BAB08522522630D005EC751 /* AppDelegate.swift */ = {isa = PBXFileReference; lastKnownFileType = sourcecode.swift; path = AppDelegate.swift; sourceTree = "<group>"; };
		6BAB08542522630D005EC751 /* SceneDelegate.swift */ = {isa = PBXFileReference; lastKnownFileType = sourcecode.swift; path = SceneDelegate.swift; sourceTree = "<group>"; };
		6BAB085825226312005EC751 /* Assets.xcassets */ = {isa = PBXFileReference; lastKnownFileType = folder.assetcatalog; path = Assets.xcassets; sourceTree = "<group>"; };
		6BAB085B25226312005EC751 /* Preview Assets.xcassets */ = {isa = PBXFileReference; lastKnownFileType = folder.assetcatalog; path = "Preview Assets.xcassets"; sourceTree = "<group>"; };
		6BAB085E25226312005EC751 /* Base */ = {isa = PBXFileReference; lastKnownFileType = file.storyboard; name = Base; path = Base.lproj/LaunchScreen.storyboard; sourceTree = "<group>"; };
		6BAB086025226312005EC751 /* Info.plist */ = {isa = PBXFileReference; lastKnownFileType = text.plist.xml; path = Info.plist; sourceTree = "<group>"; };
		6BAB086525226312005EC751 /* MovieSwiftUITests.xctest */ = {isa = PBXFileReference; explicitFileType = wrapper.cfbundle; includeInIndex = 0; path = MovieSwiftUITests.xctest; sourceTree = BUILT_PRODUCTS_DIR; };
		6BAB086925226312005EC751 /* MovieSwiftUITests.swift */ = {isa = PBXFileReference; lastKnownFileType = sourcecode.swift; path = MovieSwiftUITests.swift; sourceTree = "<group>"; };
		6BAB086B25226312005EC751 /* Info.plist */ = {isa = PBXFileReference; lastKnownFileType = text.plist.xml; path = Info.plist; sourceTree = "<group>"; };
		6BAB087025226312005EC751 /* MovieSwiftUIUITests.xctest */ = {isa = PBXFileReference; explicitFileType = wrapper.cfbundle; includeInIndex = 0; path = MovieSwiftUIUITests.xctest; sourceTree = BUILT_PRODUCTS_DIR; };
		6BAB087425226312005EC751 /* MovieSwiftUIUITests.swift */ = {isa = PBXFileReference; lastKnownFileType = sourcecode.swift; path = MovieSwiftUIUITests.swift; sourceTree = "<group>"; };
		6BAB087625226312005EC751 /* Info.plist */ = {isa = PBXFileReference; lastKnownFileType = text.plist.xml; path = Info.plist; sourceTree = "<group>"; };
		6BAB08872524FC6C005EC751 /* Constants.swift */ = {isa = PBXFileReference; lastKnownFileType = sourcecode.swift; path = Constants.swift; sourceTree = "<group>"; };
		6BAB088A2525059F005EC751 /* MovieServices.swift */ = {isa = PBXFileReference; lastKnownFileType = sourcecode.swift; path = MovieServices.swift; sourceTree = "<group>"; };
		6BAB088D252506E5005EC751 /* MovieResponse.swift */ = {isa = PBXFileReference; lastKnownFileType = sourcecode.swift; path = MovieResponse.swift; sourceTree = "<group>"; };
		6BAB088F25250910005EC751 /* Movie.swift */ = {isa = PBXFileReference; lastKnownFileType = sourcecode.swift; path = Movie.swift; sourceTree = "<group>"; };
		6BBA8CA52527AC9700CE40DD /* Cache.swift */ = {isa = PBXFileReference; lastKnownFileType = sourcecode.swift; path = Cache.swift; sourceTree = "<group>"; };
		6BBA8CA72527ACD400CE40DD /* MovieCache.swift */ = {isa = PBXFileReference; lastKnownFileType = sourcecode.swift; path = MovieCache.swift; sourceTree = "<group>"; };
		6BC46EF525265148007C8B3A /* MovieSession.swift */ = {isa = PBXFileReference; lastKnownFileType = sourcecode.swift; path = MovieSession.swift; sourceTree = "<group>"; };
		6BE7089C25250D5200A0A842 /* Extensions.swift */ = {isa = PBXFileReference; lastKnownFileType = sourcecode.swift; path = Extensions.swift; sourceTree = "<group>"; };
/* End PBXFileReference section */

/* Begin PBXFrameworksBuildPhase section */
		6BAB084C2522630D005EC751 /* Frameworks */ = {
			isa = PBXFrameworksBuildPhase;
			buildActionMask = 2147483647;
			files = (
			);
			runOnlyForDeploymentPostprocessing = 0;
		};
		6BAB086225226312005EC751 /* Frameworks */ = {
			isa = PBXFrameworksBuildPhase;
			buildActionMask = 2147483647;
			files = (
			);
			runOnlyForDeploymentPostprocessing = 0;
		};
		6BAB086D25226312005EC751 /* Frameworks */ = {
			isa = PBXFrameworksBuildPhase;
			buildActionMask = 2147483647;
			files = (
			);
			runOnlyForDeploymentPostprocessing = 0;
		};
/* End PBXFrameworksBuildPhase section */

/* Begin PBXGroup section */
		6B3271FB2528EEF600060FFB /* ViewModels */ = {
			isa = PBXGroup;
			children = (
				6B3271FC2528EF0900060FFB /* ViewModel.swift */,
				6B3271FE2528EFBE00060FFB /* ViewBinding.swift */,
				6B327217252A5C4A00060FFB /* CardCollectionViewModel.swift */,
				6B327219252A687500060FFB /* CardViewModel.swift */,
				6B327222252B891100060FFB /* HomeViewModel.swift */,
				6B327226252B8E9500060FFB /* MovieViewModel.swift */,
			);
			path = ViewModels;
			sourceTree = "<group>";
		};
		6B3272122529048C00060FFB /* Views */ = {
			isa = PBXGroup;
			children = (
				6B3272132529054E00060FFB /* CardView.swift */,
				6B327215252A477700060FFB /* CardCollectionView.swift */,
				6B32721E252B1B2D00060FFB /* HomeView.swift */,
				6B327224252B8C9500060FFB /* MovieView.swift */,
			);
			path = Views;
			sourceTree = "<group>";
		};
		6BAB08462522630C005EC751 = {
			isa = PBXGroup;
			children = (
				6BAB08512522630D005EC751 /* MovieSwiftUI */,
				6BAB086825226312005EC751 /* MovieSwiftUITests */,
				6BAB087325226312005EC751 /* MovieSwiftUIUITests */,
				6BAB08502522630D005EC751 /* Products */,
			);
			sourceTree = "<group>";
		};
		6BAB08502522630D005EC751 /* Products */ = {
			isa = PBXGroup;
			children = (
				6BAB084F2522630D005EC751 /* MovieSwiftUI.app */,
				6BAB086525226312005EC751 /* MovieSwiftUITests.xctest */,
				6BAB087025226312005EC751 /* MovieSwiftUIUITests.xctest */,
			);
			name = Products;
			sourceTree = "<group>";
		};
		6BAB08512522630D005EC751 /* MovieSwiftUI */ = {
			isa = PBXGroup;
			children = (
				6B3272122529048C00060FFB /* Views */,
				6B3271FB2528EEF600060FFB /* ViewModels */,
				6BBA8CA42527AC7A00CE40DD /* Caches */,
				6BAB088C252506AF005EC751 /* Models */,
				6BAB088925250545005EC751 /* Services */,
				6BAB08862524FC51005EC751 /* Utils */,
				6BAB08522522630D005EC751 /* AppDelegate.swift */,
				6BAB08542522630D005EC751 /* SceneDelegate.swift */,
				6BAB085825226312005EC751 /* Assets.xcassets */,
				6BAB085D25226312005EC751 /* LaunchScreen.storyboard */,
				6BAB086025226312005EC751 /* Info.plist */,
				6BAB085A25226312005EC751 /* Preview Content */,
			);
			path = MovieSwiftUI;
			sourceTree = "<group>";
		};
		6BAB085A25226312005EC751 /* Preview Content */ = {
			isa = PBXGroup;
			children = (
				6BAB085B25226312005EC751 /* Preview Assets.xcassets */,
			);
			path = "Preview Content";
			sourceTree = "<group>";
		};
		6BAB086825226312005EC751 /* MovieSwiftUITests */ = {
			isa = PBXGroup;
			children = (
				6BAB086925226312005EC751 /* MovieSwiftUITests.swift */,
				6BAB086B25226312005EC751 /* Info.plist */,
			);
			path = MovieSwiftUITests;
			sourceTree = "<group>";
		};
		6BAB087325226312005EC751 /* MovieSwiftUIUITests */ = {
			isa = PBXGroup;
			children = (
				6BAB087425226312005EC751 /* MovieSwiftUIUITests.swift */,
				6BAB087625226312005EC751 /* Info.plist */,
			);
			path = MovieSwiftUIUITests;
			sourceTree = "<group>";
		};
		6BAB08862524FC51005EC751 /* Utils */ = {
			isa = PBXGroup;
			children = (
				6BAB08872524FC6C005EC751 /* Constants.swift */,
				6BE7089C25250D5200A0A842 /* Extensions.swift */,
			);
			path = Utils;
			sourceTree = "<group>";
		};
		6BAB088925250545005EC751 /* Services */ = {
			isa = PBXGroup;
			children = (
				6BAB088A2525059F005EC751 /* MovieServices.swift */,
				6BC46EF525265148007C8B3A /* MovieSession.swift */,
			);
			path = Services;
			sourceTree = "<group>";
		};
		6BAB088C252506AF005EC751 /* Models */ = {
			isa = PBXGroup;
			children = (
				6BAB088D252506E5005EC751 /* MovieResponse.swift */,
				6BAB088F25250910005EC751 /* Movie.swift */,
				6B9CF24D252CDF3900967794 /* MovieVideoResponse.swift */,
				6B9CF24F252CE2EF00967794 /* MovieVideo.swift */,
			);
			path = Models;
			sourceTree = "<group>";
		};
		6BBA8CA42527AC7A00CE40DD /* Caches */ = {
			isa = PBXGroup;
			children = (
				6BBA8CA52527AC9700CE40DD /* Cache.swift */,
				6BBA8CA72527ACD400CE40DD /* MovieCache.swift */,
				6B32720F2528F5C100060FFB /* ImageCache.swift */,
			);
			path = Caches;
			sourceTree = "<group>";
		};
/* End PBXGroup section */

/* Begin PBXNativeTarget section */
		6BAB084E2522630D005EC751 /* MovieSwiftUI */ = {
			isa = PBXNativeTarget;
			buildConfigurationList = 6BAB087925226312005EC751 /* Build configuration list for PBXNativeTarget "MovieSwiftUI" */;
			buildPhases = (
				6BAB084B2522630D005EC751 /* Sources */,
				6BAB084C2522630D005EC751 /* Frameworks */,
				6BAB084D2522630D005EC751 /* Resources */,
			);
			buildRules = (
			);
			dependencies = (
			);
			name = MovieSwiftUI;
			productName = MovieSwiftUI;
			productReference = 6BAB084F2522630D005EC751 /* MovieSwiftUI.app */;
			productType = "com.apple.product-type.application";
		};
		6BAB086425226312005EC751 /* MovieSwiftUITests */ = {
			isa = PBXNativeTarget;
			buildConfigurationList = 6BAB087C25226312005EC751 /* Build configuration list for PBXNativeTarget "MovieSwiftUITests" */;
			buildPhases = (
				6BAB086125226312005EC751 /* Sources */,
				6BAB086225226312005EC751 /* Frameworks */,
				6BAB086325226312005EC751 /* Resources */,
			);
			buildRules = (
			);
			dependencies = (
				6BAB086725226312005EC751 /* PBXTargetDependency */,
			);
			name = MovieSwiftUITests;
			productName = MovieSwiftUITests;
			productReference = 6BAB086525226312005EC751 /* MovieSwiftUITests.xctest */;
			productType = "com.apple.product-type.bundle.unit-test";
		};
		6BAB086F25226312005EC751 /* MovieSwiftUIUITests */ = {
			isa = PBXNativeTarget;
			buildConfigurationList = 6BAB087F25226312005EC751 /* Build configuration list for PBXNativeTarget "MovieSwiftUIUITests" */;
			buildPhases = (
				6BAB086C25226312005EC751 /* Sources */,
				6BAB086D25226312005EC751 /* Frameworks */,
				6BAB086E25226312005EC751 /* Resources */,
			);
			buildRules = (
			);
			dependencies = (
				6BAB087225226312005EC751 /* PBXTargetDependency */,
			);
			name = MovieSwiftUIUITests;
			productName = MovieSwiftUIUITests;
			productReference = 6BAB087025226312005EC751 /* MovieSwiftUIUITests.xctest */;
			productType = "com.apple.product-type.bundle.ui-testing";
		};
/* End PBXNativeTarget section */

/* Begin PBXProject section */
		6BAB08472522630C005EC751 /* Project object */ = {
			isa = PBXProject;
			attributes = {
				LastSwiftUpdateCheck = 1150;
				LastUpgradeCheck = 1150;
				ORGANIZATIONNAME = kiel;
				TargetAttributes = {
					6BAB084E2522630D005EC751 = {
						CreatedOnToolsVersion = 11.5;
					};
					6BAB086425226312005EC751 = {
						CreatedOnToolsVersion = 11.5;
						TestTargetID = 6BAB084E2522630D005EC751;
					};
					6BAB086F25226312005EC751 = {
						CreatedOnToolsVersion = 11.5;
						TestTargetID = 6BAB084E2522630D005EC751;
					};
				};
			};
			buildConfigurationList = 6BAB084A2522630C005EC751 /* Build configuration list for PBXProject "MovieSwiftUI" */;
			compatibilityVersion = "Xcode 9.3";
			developmentRegion = en;
			hasScannedForEncodings = 0;
			knownRegions = (
				en,
				Base,
			);
			mainGroup = 6BAB08462522630C005EC751;
			productRefGroup = 6BAB08502522630D005EC751 /* Products */;
			projectDirPath = "";
			projectRoot = "";
			targets = (
				6BAB084E2522630D005EC751 /* MovieSwiftUI */,
				6BAB086425226312005EC751 /* MovieSwiftUITests */,
				6BAB086F25226312005EC751 /* MovieSwiftUIUITests */,
			);
		};
/* End PBXProject section */

/* Begin PBXResourcesBuildPhase section */
		6BAB084D2522630D005EC751 /* Resources */ = {
			isa = PBXResourcesBuildPhase;
			buildActionMask = 2147483647;
			files = (
				6BAB085F25226312005EC751 /* LaunchScreen.storyboard in Resources */,
				6BAB085C25226312005EC751 /* Preview Assets.xcassets in Resources */,
				6BAB085925226312005EC751 /* Assets.xcassets in Resources */,
			);
			runOnlyForDeploymentPostprocessing = 0;
		};
		6BAB086325226312005EC751 /* Resources */ = {
			isa = PBXResourcesBuildPhase;
			buildActionMask = 2147483647;
			files = (
			);
			runOnlyForDeploymentPostprocessing = 0;
		};
		6BAB086E25226312005EC751 /* Resources */ = {
			isa = PBXResourcesBuildPhase;
			buildActionMask = 2147483647;
			files = (
			);
			runOnlyForDeploymentPostprocessing = 0;
		};
/* End PBXResourcesBuildPhase section */

/* Begin PBXSourcesBuildPhase section */
		6BAB084B2522630D005EC751 /* Sources */ = {
			isa = PBXSourcesBuildPhase;
			buildActionMask = 2147483647;
			files = (
				6BAB089025250910005EC751 /* Movie.swift in Sources */,
				6B327218252A5C4A00060FFB /* CardCollectionViewModel.swift in Sources */,
				6BAB08532522630D005EC751 /* AppDelegate.swift in Sources */,
				6B3272102528F5C100060FFB /* ImageCache.swift in Sources */,
				6BAB088E252506E5005EC751 /* MovieResponse.swift in Sources */,
				6B9CF250252CE2F000967794 /* MovieVideo.swift in Sources */,
				6B327216252A477700060FFB /* CardCollectionView.swift in Sources */,
				6BBA8CA62527AC9700CE40DD /* Cache.swift in Sources */,
				6BC46EF625265148007C8B3A /* MovieSession.swift in Sources */,
				6B32721A252A687500060FFB /* CardViewModel.swift in Sources */,
				6B327227252B8E9500060FFB /* MovieViewModel.swift in Sources */,
				6BE7089D25250D5200A0A842 /* Extensions.swift in Sources */,
				6B327225252B8C9500060FFB /* MovieView.swift in Sources */,
				6BAB08552522630D005EC751 /* SceneDelegate.swift in Sources */,
				6B3272142529054E00060FFB /* CardView.swift in Sources */,
				6BAB08882524FC6C005EC751 /* Constants.swift in Sources */,
				6BAB088B2525059F005EC751 /* MovieServices.swift in Sources */,
				6B327223252B891100060FFB /* HomeViewModel.swift in Sources */,
				6B3271FF2528EFBE00060FFB /* ViewBinding.swift in Sources */,
				6B3271FD2528EF0900060FFB /* ViewModel.swift in Sources */,
				6BBA8CA82527ACD400CE40DD /* MovieCache.swift in Sources */,
				6B32721F252B1B2D00060FFB /* HomeView.swift in Sources */,
				6B9CF24E252CDF3900967794 /* MovieVideoResponse.swift in Sources */,
			);
			runOnlyForDeploymentPostprocessing = 0;
		};
		6BAB086125226312005EC751 /* Sources */ = {
			isa = PBXSourcesBuildPhase;
			buildActionMask = 2147483647;
			files = (
				6BAB086A25226312005EC751 /* MovieSwiftUITests.swift in Sources */,
			);
			runOnlyForDeploymentPostprocessing = 0;
		};
		6BAB086C25226312005EC751 /* Sources */ = {
			isa = PBXSourcesBuildPhase;
			buildActionMask = 2147483647;
			files = (
				6BAB087525226312005EC751 /* MovieSwiftUIUITests.swift in Sources */,
			);
			runOnlyForDeploymentPostprocessing = 0;
		};
/* End PBXSourcesBuildPhase section */

/* Begin PBXTargetDependency section */
		6BAB086725226312005EC751 /* PBXTargetDependency */ = {
			isa = PBXTargetDependency;
			target = 6BAB084E2522630D005EC751 /* MovieSwiftUI */;
			targetProxy = 6BAB086625226312005EC751 /* PBXContainerItemProxy */;
		};
		6BAB087225226312005EC751 /* PBXTargetDependency */ = {
			isa = PBXTargetDependency;
			target = 6BAB084E2522630D005EC751 /* MovieSwiftUI */;
			targetProxy = 6BAB087125226312005EC751 /* PBXContainerItemProxy */;
		};
/* End PBXTargetDependency section */

/* Begin PBXVariantGroup section */
		6BAB085D25226312005EC751 /* LaunchScreen.storyboard */ = {
			isa = PBXVariantGroup;
			children = (
				6BAB085E25226312005EC751 /* Base */,
			);
			name = LaunchScreen.storyboard;
			sourceTree = "<group>";
		};
/* End PBXVariantGroup section */

/* Begin XCBuildConfiguration section */
		6BAB087725226312005EC751 /* Debug */ = {
			isa = XCBuildConfiguration;
			buildSettings = {
				ALWAYS_SEARCH_USER_PATHS = NO;
				CLANG_ANALYZER_NONNULL = YES;
				CLANG_ANALYZER_NUMBER_OBJECT_CONVERSION = YES_AGGRESSIVE;
				CLANG_CXX_LANGUAGE_STANDARD = "gnu++14";
				CLANG_CXX_LIBRARY = "libc++";
				CLANG_ENABLE_MODULES = YES;
				CLANG_ENABLE_OBJC_ARC = YES;
				CLANG_ENABLE_OBJC_WEAK = YES;
				CLANG_WARN_BLOCK_CAPTURE_AUTORELEASING = YES;
				CLANG_WARN_BOOL_CONVERSION = YES;
				CLANG_WARN_COMMA = YES;
				CLANG_WARN_CONSTANT_CONVERSION = YES;
				CLANG_WARN_DEPRECATED_OBJC_IMPLEMENTATIONS = YES;
				CLANG_WARN_DIRECT_OBJC_ISA_USAGE = YES_ERROR;
				CLANG_WARN_DOCUMENTATION_COMMENTS = YES;
				CLANG_WARN_EMPTY_BODY = YES;
				CLANG_WARN_ENUM_CONVERSION = YES;
				CLANG_WARN_INFINITE_RECURSION = YES;
				CLANG_WARN_INT_CONVERSION = YES;
				CLANG_WARN_NON_LITERAL_NULL_CONVERSION = YES;
				CLANG_WARN_OBJC_IMPLICIT_RETAIN_SELF = YES;
				CLANG_WARN_OBJC_LITERAL_CONVERSION = YES;
				CLANG_WARN_OBJC_ROOT_CLASS = YES_ERROR;
				CLANG_WARN_RANGE_LOOP_ANALYSIS = YES;
				CLANG_WARN_STRICT_PROTOTYPES = YES;
				CLANG_WARN_SUSPICIOUS_MOVE = YES;
				CLANG_WARN_UNGUARDED_AVAILABILITY = YES_AGGRESSIVE;
				CLANG_WARN_UNREACHABLE_CODE = YES;
				CLANG_WARN__DUPLICATE_METHOD_MATCH = YES;
				COPY_PHASE_STRIP = NO;
				DEBUG_INFORMATION_FORMAT = dwarf;
				ENABLE_STRICT_OBJC_MSGSEND = YES;
				ENABLE_TESTABILITY = YES;
				GCC_C_LANGUAGE_STANDARD = gnu11;
				GCC_DYNAMIC_NO_PIC = NO;
				GCC_NO_COMMON_BLOCKS = YES;
				GCC_OPTIMIZATION_LEVEL = 0;
				GCC_PREPROCESSOR_DEFINITIONS = (
					"DEBUG=1",
					"$(inherited)",
				);
				GCC_WARN_64_TO_32_BIT_CONVERSION = YES;
				GCC_WARN_ABOUT_RETURN_TYPE = YES_ERROR;
				GCC_WARN_UNDECLARED_SELECTOR = YES;
				GCC_WARN_UNINITIALIZED_AUTOS = YES_AGGRESSIVE;
				GCC_WARN_UNUSED_FUNCTION = YES;
				GCC_WARN_UNUSED_VARIABLE = YES;
				IPHONEOS_DEPLOYMENT_TARGET = 13.5;
				MTL_ENABLE_DEBUG_INFO = INCLUDE_SOURCE;
				MTL_FAST_MATH = YES;
				ONLY_ACTIVE_ARCH = YES;
				SDKROOT = iphoneos;
				SWIFT_ACTIVE_COMPILATION_CONDITIONS = DEBUG;
				SWIFT_OPTIMIZATION_LEVEL = "-Onone";
			};
			name = Debug;
		};
		6BAB087825226312005EC751 /* Release */ = {
			isa = XCBuildConfiguration;
			buildSettings = {
				ALWAYS_SEARCH_USER_PATHS = NO;
				CLANG_ANALYZER_NONNULL = YES;
				CLANG_ANALYZER_NUMBER_OBJECT_CONVERSION = YES_AGGRESSIVE;
				CLANG_CXX_LANGUAGE_STANDARD = "gnu++14";
				CLANG_CXX_LIBRARY = "libc++";
				CLANG_ENABLE_MODULES = YES;
				CLANG_ENABLE_OBJC_ARC = YES;
				CLANG_ENABLE_OBJC_WEAK = YES;
				CLANG_WARN_BLOCK_CAPTURE_AUTORELEASING = YES;
				CLANG_WARN_BOOL_CONVERSION = YES;
				CLANG_WARN_COMMA = YES;
				CLANG_WARN_CONSTANT_CONVERSION = YES;
				CLANG_WARN_DEPRECATED_OBJC_IMPLEMENTATIONS = YES;
				CLANG_WARN_DIRECT_OBJC_ISA_USAGE = YES_ERROR;
				CLANG_WARN_DOCUMENTATION_COMMENTS = YES;
				CLANG_WARN_EMPTY_BODY = YES;
				CLANG_WARN_ENUM_CONVERSION = YES;
				CLANG_WARN_INFINITE_RECURSION = YES;
				CLANG_WARN_INT_CONVERSION = YES;
				CLANG_WARN_NON_LITERAL_NULL_CONVERSION = YES;
				CLANG_WARN_OBJC_IMPLICIT_RETAIN_SELF = YES;
				CLANG_WARN_OBJC_LITERAL_CONVERSION = YES;
				CLANG_WARN_OBJC_ROOT_CLASS = YES_ERROR;
				CLANG_WARN_RANGE_LOOP_ANALYSIS = YES;
				CLANG_WARN_STRICT_PROTOTYPES = YES;
				CLANG_WARN_SUSPICIOUS_MOVE = YES;
				CLANG_WARN_UNGUARDED_AVAILABILITY = YES_AGGRESSIVE;
				CLANG_WARN_UNREACHABLE_CODE = YES;
				CLANG_WARN__DUPLICATE_METHOD_MATCH = YES;
				COPY_PHASE_STRIP = NO;
				DEBUG_INFORMATION_FORMAT = "dwarf-with-dsym";
				ENABLE_NS_ASSERTIONS = NO;
				ENABLE_STRICT_OBJC_MSGSEND = YES;
				GCC_C_LANGUAGE_STANDARD = gnu11;
				GCC_NO_COMMON_BLOCKS = YES;
				GCC_WARN_64_TO_32_BIT_CONVERSION = YES;
				GCC_WARN_ABOUT_RETURN_TYPE = YES_ERROR;
				GCC_WARN_UNDECLARED_SELECTOR = YES;
				GCC_WARN_UNINITIALIZED_AUTOS = YES_AGGRESSIVE;
				GCC_WARN_UNUSED_FUNCTION = YES;
				GCC_WARN_UNUSED_VARIABLE = YES;
				IPHONEOS_DEPLOYMENT_TARGET = 13.5;
				MTL_ENABLE_DEBUG_INFO = NO;
				MTL_FAST_MATH = YES;
				SDKROOT = iphoneos;
				SWIFT_COMPILATION_MODE = wholemodule;
				SWIFT_OPTIMIZATION_LEVEL = "-O";
				VALIDATE_PRODUCT = YES;
			};
			name = Release;
		};
		6BAB087A25226312005EC751 /* Debug */ = {
			isa = XCBuildConfiguration;
			buildSettings = {
				ASSETCATALOG_COMPILER_APPICON_NAME = AppIcon;
				CODE_SIGN_STYLE = Automatic;
				DEVELOPMENT_ASSET_PATHS = "\"MovieSwiftUI/Preview Content\"";
				DEVELOPMENT_TEAM = SBK2FUUPNT;
				ENABLE_PREVIEWS = YES;
				INFOPLIST_FILE = MovieSwiftUI/Info.plist;
				LD_RUNPATH_SEARCH_PATHS = (
					"$(inherited)",
					"@executable_path/Frameworks",
				);
				PRODUCT_BUNDLE_IDENTIFIER = com.kiel.MovieSwiftUI;
				PRODUCT_NAME = "$(TARGET_NAME)";
				SWIFT_VERSION = 5.0;
				TARGETED_DEVICE_FAMILY = "1,2";
			};
			name = Debug;
		};
		6BAB087B25226312005EC751 /* Release */ = {
			isa = XCBuildConfiguration;
			buildSettings = {
				ASSETCATALOG_COMPILER_APPICON_NAME = AppIcon;
				CODE_SIGN_STYLE = Automatic;
				DEVELOPMENT_ASSET_PATHS = "\"MovieSwiftUI/Preview Content\"";
				DEVELOPMENT_TEAM = SBK2FUUPNT;
				ENABLE_PREVIEWS = YES;
				INFOPLIST_FILE = MovieSwiftUI/Info.plist;
				LD_RUNPATH_SEARCH_PATHS = (
					"$(inherited)",
					"@executable_path/Frameworks",
				);
				PRODUCT_BUNDLE_IDENTIFIER = com.kiel.MovieSwiftUI;
				PRODUCT_NAME = "$(TARGET_NAME)";
				SWIFT_VERSION = 5.0;
				TARGETED_DEVICE_FAMILY = "1,2";
			};
			name = Release;
		};
		6BAB087D25226312005EC751 /* Debug */ = {
			isa = XCBuildConfiguration;
			buildSettings = {
				ALWAYS_EMBED_SWIFT_STANDARD_LIBRARIES = YES;
				BUNDLE_LOADER = "$(TEST_HOST)";
				CODE_SIGN_STYLE = Automatic;
				DEVELOPMENT_TEAM = SBK2FUUPNT;
				INFOPLIST_FILE = MovieSwiftUITests/Info.plist;
				IPHONEOS_DEPLOYMENT_TARGET = 13.5;
				LD_RUNPATH_SEARCH_PATHS = (
					"$(inherited)",
					"@executable_path/Frameworks",
					"@loader_path/Frameworks",
				);
				PRODUCT_BUNDLE_IDENTIFIER = com.kiel.MovieSwiftUITests;
				PRODUCT_NAME = "$(TARGET_NAME)";
				SWIFT_VERSION = 5.0;
				TARGETED_DEVICE_FAMILY = "1,2";
				TEST_HOST = "$(BUILT_PRODUCTS_DIR)/MovieSwiftUI.app/MovieSwiftUI";
			};
			name = Debug;
		};
		6BAB087E25226312005EC751 /* Release */ = {
			isa = XCBuildConfiguration;
			buildSettings = {
				ALWAYS_EMBED_SWIFT_STANDARD_LIBRARIES = YES;
				BUNDLE_LOADER = "$(TEST_HOST)";
				CODE_SIGN_STYLE = Automatic;
				DEVELOPMENT_TEAM = SBK2FUUPNT;
				INFOPLIST_FILE = MovieSwiftUITests/Info.plist;
				IPHONEOS_DEPLOYMENT_TARGET = 13.5;
				LD_RUNPATH_SEARCH_PATHS = (
					"$(inherited)",
					"@executable_path/Frameworks",
					"@loader_path/Frameworks",
				);
				PRODUCT_BUNDLE_IDENTIFIER = com.kiel.MovieSwiftUITests;
				PRODUCT_NAME = "$(TARGET_NAME)";
				SWIFT_VERSION = 5.0;
				TARGETED_DEVICE_FAMILY = "1,2";
				TEST_HOST = "$(BUILT_PRODUCTS_DIR)/MovieSwiftUI.app/MovieSwiftUI";
			};
			name = Release;
		};
		6BAB088025226312005EC751 /* Debug */ = {
			isa = XCBuildConfiguration;
			buildSettings = {
				ALWAYS_EMBED_SWIFT_STANDARD_LIBRARIES = YES;
				CODE_SIGN_STYLE = Automatic;
				DEVELOPMENT_TEAM = SBK2FUUPNT;
				INFOPLIST_FILE = MovieSwiftUIUITests/Info.plist;
				LD_RUNPATH_SEARCH_PATHS = (
					"$(inherited)",
					"@executable_path/Frameworks",
					"@loader_path/Frameworks",
				);
				PRODUCT_BUNDLE_IDENTIFIER = com.kiel.MovieSwiftUIUITests;
				PRODUCT_NAME = "$(TARGET_NAME)";
				SWIFT_VERSION = 5.0;
				TARGETED_DEVICE_FAMILY = "1,2";
				TEST_TARGET_NAME = MovieSwiftUI;
			};
			name = Debug;
		};
		6BAB088125226312005EC751 /* Release */ = {
			isa = XCBuildConfiguration;
			buildSettings = {
				ALWAYS_EMBED_SWIFT_STANDARD_LIBRARIES = YES;
				CODE_SIGN_STYLE = Automatic;
				DEVELOPMENT_TEAM = SBK2FUUPNT;
				INFOPLIST_FILE = MovieSwiftUIUITests/Info.plist;
				LD_RUNPATH_SEARCH_PATHS = (
					"$(inherited)",
					"@executable_path/Frameworks",
					"@loader_path/Frameworks",
				);
				PRODUCT_BUNDLE_IDENTIFIER = com.kiel.MovieSwiftUIUITests;
				PRODUCT_NAME = "$(TARGET_NAME)";
				SWIFT_VERSION = 5.0;
				TARGETED_DEVICE_FAMILY = "1,2";
				TEST_TARGET_NAME = MovieSwiftUI;
			};
			name = Release;
		};
/* End XCBuildConfiguration section */

/* Begin XCConfigurationList section */
		6BAB084A2522630C005EC751 /* Build configuration list for PBXProject "MovieSwiftUI" */ = {
			isa = XCConfigurationList;
			buildConfigurations = (
				6BAB087725226312005EC751 /* Debug */,
				6BAB087825226312005EC751 /* Release */,
			);
			defaultConfigurationIsVisible = 0;
			defaultConfigurationName = Release;
		};
		6BAB087925226312005EC751 /* Build configuration list for PBXNativeTarget "MovieSwiftUI" */ = {
			isa = XCConfigurationList;
			buildConfigurations = (
				6BAB087A25226312005EC751 /* Debug */,
				6BAB087B25226312005EC751 /* Release */,
			);
			defaultConfigurationIsVisible = 0;
			defaultConfigurationName = Release;
		};
		6BAB087C25226312005EC751 /* Build configuration list for PBXNativeTarget "MovieSwiftUITests" */ = {
			isa = XCConfigurationList;
			buildConfigurations = (
				6BAB087D25226312005EC751 /* Debug */,
				6BAB087E25226312005EC751 /* Release */,
			);
			defaultConfigurationIsVisible = 0;
			defaultConfigurationName = Release;
		};
		6BAB087F25226312005EC751 /* Build configuration list for PBXNativeTarget "MovieSwiftUIUITests" */ = {
			isa = XCConfigurationList;
			buildConfigurations = (
				6BAB088025226312005EC751 /* Debug */,
				6BAB088125226312005EC751 /* Release */,
			);
			defaultConfigurationIsVisible = 0;
			defaultConfigurationName = Release;
		};
/* End XCConfigurationList section */
	};
	rootObject = 6BAB08472522630C005EC751 /* Project object */;
}
